// !$*UTF8*$!
{
	archiveVersion = 1;
	classes = {
	};
	objectVersion = 46;
	objects = {

/* Begin PBXBuildFile section */
		25C54F1D1A9E402D0068B15C /* main.m in Sources */ = {isa = PBXBuildFile; fileRef = 25C54F1C1A9E402D0068B15C /* main.m */; };
		25C54F201A9E402D0068B15C /* AppDelegate.m in Sources */ = {isa = PBXBuildFile; fileRef = 25C54F1F1A9E402D0068B15C /* AppDelegate.m */; };
		25C54F281A9E402D0068B15C /* Images.xcassets in Resources */ = {isa = PBXBuildFile; fileRef = 25C54F271A9E402D0068B15C /* Images.xcassets */; };
		25C54F2B1A9E402D0068B15C /* LaunchScreen.xib in Resources */ = {isa = PBXBuildFile; fileRef = 25C54F291A9E402D0068B15C /* LaunchScreen.xib */; };
		25C54F371A9E402D0068B15C /* SRDeviceLogsTests.m in Sources */ = {isa = PBXBuildFile; fileRef = 25C54F361A9E402D0068B15C /* SRDeviceLogsTests.m */; };
		25C54F631A9E41F60068B15C /* SystemServices.m in Sources */ = {isa = PBXBuildFile; fileRef = 25C54F421A9E41F60068B15C /* SystemServices.m */; };
		25C54F641A9E41F60068B15C /* NSObject+PerformBlockAfterDelay.m in Sources */ = {isa = PBXBuildFile; fileRef = 25C54F451A9E41F60068B15C /* NSObject+PerformBlockAfterDelay.m */; };
		25C54F651A9E41F60068B15C /* SSAccelerometerInfo.m in Sources */ = {isa = PBXBuildFile; fileRef = 25C54F471A9E41F60068B15C /* SSAccelerometerInfo.m */; };
		25C54F661A9E41F60068B15C /* SSAccessoryInfo.m in Sources */ = {isa = PBXBuildFile; fileRef = 25C54F491A9E41F60068B15C /* SSAccessoryInfo.m */; };
		25C54F671A9E41F60068B15C /* SSApplicationInfo.m in Sources */ = {isa = PBXBuildFile; fileRef = 25C54F4B1A9E41F60068B15C /* SSApplicationInfo.m */; };
		25C54F681A9E41F60068B15C /* SSBatteryInfo.m in Sources */ = {isa = PBXBuildFile; fileRef = 25C54F4D1A9E41F60068B15C /* SSBatteryInfo.m */; };
		25C54F691A9E41F60068B15C /* SSCarrierInfo.m in Sources */ = {isa = PBXBuildFile; fileRef = 25C54F4F1A9E41F60068B15C /* SSCarrierInfo.m */; };
		25C54F6A1A9E41F60068B15C /* SSDiskInfo.m in Sources */ = {isa = PBXBuildFile; fileRef = 25C54F511A9E41F60068B15C /* SSDiskInfo.m */; };
		25C54F6B1A9E41F60068B15C /* SSHardwareInfo.m in Sources */ = {isa = PBXBuildFile; fileRef = 25C54F531A9E41F60068B15C /* SSHardwareInfo.m */; };
		25C54F6C1A9E41F60068B15C /* SSJailbreakCheck.m in Sources */ = {isa = PBXBuildFile; fileRef = 25C54F551A9E41F60068B15C /* SSJailbreakCheck.m */; };
		25C54F6D1A9E41F60068B15C /* SSLocalizationInfo.m in Sources */ = {isa = PBXBuildFile; fileRef = 25C54F571A9E41F60068B15C /* SSLocalizationInfo.m */; };
		25C54F6E1A9E41F60068B15C /* SSMemoryInfo.m in Sources */ = {isa = PBXBuildFile; fileRef = 25C54F591A9E41F60068B15C /* SSMemoryInfo.m */; };
		25C54F6F1A9E41F60068B15C /* SSNetworkInfo.m in Sources */ = {isa = PBXBuildFile; fileRef = 25C54F5B1A9E41F60068B15C /* SSNetworkInfo.m */; };
		25C54F701A9E41F60068B15C /* SSProcessInfo.m in Sources */ = {isa = PBXBuildFile; fileRef = 25C54F5D1A9E41F60068B15C /* SSProcessInfo.m */; };
		25C54F711A9E41F60068B15C /* SSProcessorInfo.m in Sources */ = {isa = PBXBuildFile; fileRef = 25C54F5F1A9E41F60068B15C /* SSProcessorInfo.m */; };
		25C54F721A9E41F60068B15C /* SSUUID.m in Sources */ = {isa = PBXBuildFile; fileRef = 25C54F611A9E41F60068B15C /* SSUUID.m */; };
		25C54F751A9E42570068B15C /* SRDeviceOverviewTableViewController.m in Sources */ = {isa = PBXBuildFile; fileRef = 25C54F741A9E42570068B15C /* SRDeviceOverviewTableViewController.m */; };
		25C54FAA1A9FD94A0068B15C /* SRLoggingAdjustmentViewController.m in Sources */ = {isa = PBXBuildFile; fileRef = 25C54FA91A9FD94A0068B15C /* SRLoggingAdjustmentViewController.m */; };
		25C54FAD1A9FDC930068B15C /* SRLogConfigManager.m in Sources */ = {isa = PBXBuildFile; fileRef = 25C54FAC1A9FDC930068B15C /* SRLogConfigManager.m */; };
		25C54FB01A9FE1CF0068B15C /* UIColor+TubulrColors.m in Sources */ = {isa = PBXBuildFile; fileRef = 25C54FAF1A9FE1CF0068B15C /* UIColor+TubulrColors.m */; };
		CDDCD90FB825631BB0C698F5 /* libPods-SRDeviceLogs.a in Frameworks */ = {isa = PBXBuildFile; fileRef = 1B92C15F2342013BDB90AD9C /* libPods-SRDeviceLogs.a */; };
/* End PBXBuildFile section */

/* Begin PBXContainerItemProxy section */
		25C54F311A9E402D0068B15C /* PBXContainerItemProxy */ = {
			isa = PBXContainerItemProxy;
			containerPortal = 25C54F0F1A9E402D0068B15C /* Project object */;
			proxyType = 1;
			remoteGlobalIDString = 25C54F161A9E402D0068B15C;
			remoteInfo = SRDeviceLogs;
		};
/* End PBXContainerItemProxy section */

/* Begin PBXFileReference section */
		04F19184F36FDBD0849199F7 /* Pods-SRDeviceLogs.release.xcconfig */ = {isa = PBXFileReference; includeInIndex = 1; lastKnownFileType = text.xcconfig; name = "Pods-SRDeviceLogs.release.xcconfig"; path = "Pods/Target Support Files/Pods-SRDeviceLogs/Pods-SRDeviceLogs.release.xcconfig"; sourceTree = "<group>"; };
		1B92C15F2342013BDB90AD9C /* libPods-SRDeviceLogs.a */ = {isa = PBXFileReference; explicitFileType = archive.ar; includeInIndex = 0; path = "libPods-SRDeviceLogs.a"; sourceTree = BUILT_PRODUCTS_DIR; };
		25C54F171A9E402D0068B15C /* SRDeviceLogs.app */ = {isa = PBXFileReference; explicitFileType = wrapper.application; includeInIndex = 0; path = SRDeviceLogs.app; sourceTree = BUILT_PRODUCTS_DIR; };
		25C54F1B1A9E402D0068B15C /* Info.plist */ = {isa = PBXFileReference; lastKnownFileType = text.plist.xml; path = Info.plist; sourceTree = "<group>"; };
		25C54F1C1A9E402D0068B15C /* main.m */ = {isa = PBXFileReference; lastKnownFileType = sourcecode.c.objc; path = main.m; sourceTree = "<group>"; };
		25C54F1E1A9E402D0068B15C /* AppDelegate.h */ = {isa = PBXFileReference; lastKnownFileType = sourcecode.c.h; path = AppDelegate.h; sourceTree = "<group>"; };
		25C54F1F1A9E402D0068B15C /* AppDelegate.m */ = {isa = PBXFileReference; lastKnownFileType = sourcecode.c.objc; path = AppDelegate.m; sourceTree = "<group>"; };
		25C54F271A9E402D0068B15C /* Images.xcassets */ = {isa = PBXFileReference; lastKnownFileType = folder.assetcatalog; path = Images.xcassets; sourceTree = "<group>"; };
		25C54F2A1A9E402D0068B15C /* Base */ = {isa = PBXFileReference; lastKnownFileType = file.xib; name = Base; path = Base.lproj/LaunchScreen.xib; sourceTree = "<group>"; };
		25C54F301A9E402D0068B15C /* SRDeviceLogsTests.xctest */ = {isa = PBXFileReference; explicitFileType = wrapper.cfbundle; includeInIndex = 0; path = SRDeviceLogsTests.xctest; sourceTree = BUILT_PRODUCTS_DIR; };
		25C54F351A9E402D0068B15C /* Info.plist */ = {isa = PBXFileReference; lastKnownFileType = text.plist.xml; path = Info.plist; sourceTree = "<group>"; };
		25C54F361A9E402D0068B15C /* SRDeviceLogsTests.m */ = {isa = PBXFileReference; lastKnownFileType = sourcecode.c.objc; path = SRDeviceLogsTests.m; sourceTree = "<group>"; };
		25C54F411A9E41F60068B15C /* SystemServices.h */ = {isa = PBXFileReference; fileEncoding = 4; lastKnownFileType = sourcecode.c.h; path = SystemServices.h; sourceTree = "<group>"; };
		25C54F421A9E41F60068B15C /* SystemServices.m */ = {isa = PBXFileReference; fileEncoding = 4; lastKnownFileType = sourcecode.c.objc; path = SystemServices.m; sourceTree = "<group>"; };
		25C54F441A9E41F60068B15C /* NSObject+PerformBlockAfterDelay.h */ = {isa = PBXFileReference; fileEncoding = 4; lastKnownFileType = sourcecode.c.h; path = "NSObject+PerformBlockAfterDelay.h"; sourceTree = "<group>"; };
		25C54F451A9E41F60068B15C /* NSObject+PerformBlockAfterDelay.m */ = {isa = PBXFileReference; fileEncoding = 4; lastKnownFileType = sourcecode.c.objc; path = "NSObject+PerformBlockAfterDelay.m"; sourceTree = "<group>"; };
		25C54F461A9E41F60068B15C /* SSAccelerometerInfo.h */ = {isa = PBXFileReference; fileEncoding = 4; lastKnownFileType = sourcecode.c.h; path = SSAccelerometerInfo.h; sourceTree = "<group>"; };
		25C54F471A9E41F60068B15C /* SSAccelerometerInfo.m */ = {isa = PBXFileReference; fileEncoding = 4; lastKnownFileType = sourcecode.c.objc; path = SSAccelerometerInfo.m; sourceTree = "<group>"; };
		25C54F481A9E41F60068B15C /* SSAccessoryInfo.h */ = {isa = PBXFileReference; fileEncoding = 4; lastKnownFileType = sourcecode.c.h; path = SSAccessoryInfo.h; sourceTree = "<group>"; };
		25C54F491A9E41F60068B15C /* SSAccessoryInfo.m */ = {isa = PBXFileReference; fileEncoding = 4; lastKnownFileType = sourcecode.c.objc; path = SSAccessoryInfo.m; sourceTree = "<group>"; };
		25C54F4A1A9E41F60068B15C /* SSApplicationInfo.h */ = {isa = PBXFileReference; fileEncoding = 4; lastKnownFileType = sourcecode.c.h; path = SSApplicationInfo.h; sourceTree = "<group>"; };
		25C54F4B1A9E41F60068B15C /* SSApplicationInfo.m */ = {isa = PBXFileReference; fileEncoding = 4; lastKnownFileType = sourcecode.c.objc; path = SSApplicationInfo.m; sourceTree = "<group>"; };
		25C54F4C1A9E41F60068B15C /* SSBatteryInfo.h */ = {isa = PBXFileReference; fileEncoding = 4; lastKnownFileType = sourcecode.c.h; path = SSBatteryInfo.h; sourceTree = "<group>"; };
		25C54F4D1A9E41F60068B15C /* SSBatteryInfo.m */ = {isa = PBXFileReference; fileEncoding = 4; lastKnownFileType = sourcecode.c.objc; path = SSBatteryInfo.m; sourceTree = "<group>"; };
		25C54F4E1A9E41F60068B15C /* SSCarrierInfo.h */ = {isa = PBXFileReference; fileEncoding = 4; lastKnownFileType = sourcecode.c.h; path = SSCarrierInfo.h; sourceTree = "<group>"; };
		25C54F4F1A9E41F60068B15C /* SSCarrierInfo.m */ = {isa = PBXFileReference; fileEncoding = 4; lastKnownFileType = sourcecode.c.objc; path = SSCarrierInfo.m; sourceTree = "<group>"; };
		25C54F501A9E41F60068B15C /* SSDiskInfo.h */ = {isa = PBXFileReference; fileEncoding = 4; lastKnownFileType = sourcecode.c.h; path = SSDiskInfo.h; sourceTree = "<group>"; };
		25C54F511A9E41F60068B15C /* SSDiskInfo.m */ = {isa = PBXFileReference; fileEncoding = 4; lastKnownFileType = sourcecode.c.objc; path = SSDiskInfo.m; sourceTree = "<group>"; };
		25C54F521A9E41F60068B15C /* SSHardwareInfo.h */ = {isa = PBXFileReference; fileEncoding = 4; lastKnownFileType = sourcecode.c.h; path = SSHardwareInfo.h; sourceTree = "<group>"; };
		25C54F531A9E41F60068B15C /* SSHardwareInfo.m */ = {isa = PBXFileReference; fileEncoding = 4; lastKnownFileType = sourcecode.c.objc; path = SSHardwareInfo.m; sourceTree = "<group>"; };
		25C54F541A9E41F60068B15C /* SSJailbreakCheck.h */ = {isa = PBXFileReference; fileEncoding = 4; lastKnownFileType = sourcecode.c.h; path = SSJailbreakCheck.h; sourceTree = "<group>"; };
		25C54F551A9E41F60068B15C /* SSJailbreakCheck.m */ = {isa = PBXFileReference; fileEncoding = 4; lastKnownFileType = sourcecode.c.objc; path = SSJailbreakCheck.m; sourceTree = "<group>"; };
		25C54F561A9E41F60068B15C /* SSLocalizationInfo.h */ = {isa = PBXFileReference; fileEncoding = 4; lastKnownFileType = sourcecode.c.h; path = SSLocalizationInfo.h; sourceTree = "<group>"; };
		25C54F571A9E41F60068B15C /* SSLocalizationInfo.m */ = {isa = PBXFileReference; fileEncoding = 4; lastKnownFileType = sourcecode.c.objc; path = SSLocalizationInfo.m; sourceTree = "<group>"; };
		25C54F581A9E41F60068B15C /* SSMemoryInfo.h */ = {isa = PBXFileReference; fileEncoding = 4; lastKnownFileType = sourcecode.c.h; path = SSMemoryInfo.h; sourceTree = "<group>"; };
		25C54F591A9E41F60068B15C /* SSMemoryInfo.m */ = {isa = PBXFileReference; fileEncoding = 4; lastKnownFileType = sourcecode.c.objc; path = SSMemoryInfo.m; sourceTree = "<group>"; };
		25C54F5A1A9E41F60068B15C /* SSNetworkInfo.h */ = {isa = PBXFileReference; fileEncoding = 4; lastKnownFileType = sourcecode.c.h; path = SSNetworkInfo.h; sourceTree = "<group>"; };
		25C54F5B1A9E41F60068B15C /* SSNetworkInfo.m */ = {isa = PBXFileReference; fileEncoding = 4; lastKnownFileType = sourcecode.c.objc; path = SSNetworkInfo.m; sourceTree = "<group>"; };
		25C54F5C1A9E41F60068B15C /* SSProcessInfo.h */ = {isa = PBXFileReference; fileEncoding = 4; lastKnownFileType = sourcecode.c.h; path = SSProcessInfo.h; sourceTree = "<group>"; };
		25C54F5D1A9E41F60068B15C /* SSProcessInfo.m */ = {isa = PBXFileReference; fileEncoding = 4; lastKnownFileType = sourcecode.c.objc; path = SSProcessInfo.m; sourceTree = "<group>"; };
		25C54F5E1A9E41F60068B15C /* SSProcessorInfo.h */ = {isa = PBXFileReference; fileEncoding = 4; lastKnownFileType = sourcecode.c.h; path = SSProcessorInfo.h; sourceTree = "<group>"; };
		25C54F5F1A9E41F60068B15C /* SSProcessorInfo.m */ = {isa = PBXFileReference; fileEncoding = 4; lastKnownFileType = sourcecode.c.objc; path = SSProcessorInfo.m; sourceTree = "<group>"; };
		25C54F601A9E41F60068B15C /* SSUUID.h */ = {isa = PBXFileReference; fileEncoding = 4; lastKnownFileType = sourcecode.c.h; path = SSUUID.h; sourceTree = "<group>"; };
		25C54F611A9E41F60068B15C /* SSUUID.m */ = {isa = PBXFileReference; fileEncoding = 4; lastKnownFileType = sourcecode.c.objc; path = SSUUID.m; sourceTree = "<group>"; };
		25C54F621A9E41F60068B15C /* SystemServicesConstants.h */ = {isa = PBXFileReference; fileEncoding = 4; lastKnownFileType = sourcecode.c.h; path = SystemServicesConstants.h; sourceTree = "<group>"; };
		25C54F731A9E42570068B15C /* SRDeviceOverviewTableViewController.h */ = {isa = PBXFileReference; fileEncoding = 4; lastKnownFileType = sourcecode.c.h; path = SRDeviceOverviewTableViewController.h; sourceTree = "<group>"; };
		25C54F741A9E42570068B15C /* SRDeviceOverviewTableViewController.m */ = {isa = PBXFileReference; fileEncoding = 4; lastKnownFileType = sourcecode.c.objc; path = SRDeviceOverviewTableViewController.m; sourceTree = "<group>"; };
		25C54FA81A9FD94A0068B15C /* SRLoggingAdjustmentViewController.h */ = {isa = PBXFileReference; fileEncoding = 4; lastKnownFileType = sourcecode.c.h; path = SRLoggingAdjustmentViewController.h; sourceTree = "<group>"; };
		25C54FA91A9FD94A0068B15C /* SRLoggingAdjustmentViewController.m */ = {isa = PBXFileReference; fileEncoding = 4; lastKnownFileType = sourcecode.c.objc; path = SRLoggingAdjustmentViewController.m; sourceTree = "<group>"; };
		25C54FAB1A9FDC930068B15C /* SRLogConfigManager.h */ = {isa = PBXFileReference; fileEncoding = 4; lastKnownFileType = sourcecode.c.h; path = SRLogConfigManager.h; sourceTree = "<group>"; };
		25C54FAC1A9FDC930068B15C /* SRLogConfigManager.m */ = {isa = PBXFileReference; fileEncoding = 4; lastKnownFileType = sourcecode.c.objc; path = SRLogConfigManager.m; sourceTree = "<group>"; };
		25C54FAE1A9FE1CF0068B15C /* UIColor+TubulrColors.h */ = {isa = PBXFileReference; fileEncoding = 4; lastKnownFileType = sourcecode.c.h; path = "UIColor+TubulrColors.h"; sourceTree = "<group>"; };
		25C54FAF1A9FE1CF0068B15C /* UIColor+TubulrColors.m */ = {isa = PBXFileReference; fileEncoding = 4; lastKnownFileType = sourcecode.c.objc; path = "UIColor+TubulrColors.m"; sourceTree = "<group>"; };
		CEE83897C11DFCB167A19798 /* Pods-SRDeviceLogs.debug.xcconfig */ = {isa = PBXFileReference; includeInIndex = 1; lastKnownFileType = text.xcconfig; name = "Pods-SRDeviceLogs.debug.xcconfig"; path = "Pods/Target Support Files/Pods-SRDeviceLogs/Pods-SRDeviceLogs.debug.xcconfig"; sourceTree = "<group>"; };
/* End PBXFileReference section */

/* Begin PBXFrameworksBuildPhase section */
		25C54F141A9E402D0068B15C /* Frameworks */ = {
			isa = PBXFrameworksBuildPhase;
			buildActionMask = 2147483647;
			files = (
				CDDCD90FB825631BB0C698F5 /* libPods-SRDeviceLogs.a in Frameworks */,
			);
			runOnlyForDeploymentPostprocessing = 0;
		};
		25C54F2D1A9E402D0068B15C /* Frameworks */ = {
			isa = PBXFrameworksBuildPhase;
			buildActionMask = 2147483647;
			files = (
			);
			runOnlyForDeploymentPostprocessing = 0;
		};
/* End PBXFrameworksBuildPhase section */

/* Begin PBXGroup section */
		25C54F0E1A9E402D0068B15C = {
			isa = PBXGroup;
			children = (
				25C54F401A9E41F60068B15C /* System Services */,
				25C54F191A9E402D0068B15C /* SRDeviceLogs */,
				25C54F331A9E402D0068B15C /* SRDeviceLogsTests */,
				25C54F181A9E402D0068B15C /* Products */,
				41371B9C373D0DC9F1DF6932 /* Pods */,
				77A25589C955616F6ADC4B97 /* Frameworks */,
			);
			sourceTree = "<group>";
		};
		25C54F181A9E402D0068B15C /* Products */ = {
			isa = PBXGroup;
			children = (
				25C54F171A9E402D0068B15C /* SRDeviceLogs.app */,
				25C54F301A9E402D0068B15C /* SRDeviceLogsTests.xctest */,
			);
			name = Products;
			sourceTree = "<group>";
		};
		25C54F191A9E402D0068B15C /* SRDeviceLogs */ = {
			isa = PBXGroup;
			children = (
				25C54F1E1A9E402D0068B15C /* AppDelegate.h */,
				25C54F1F1A9E402D0068B15C /* AppDelegate.m */,
				25C54FAB1A9FDC930068B15C /* SRLogConfigManager.h */,
				25C54FAC1A9FDC930068B15C /* SRLogConfigManager.m */,
				25C54FA81A9FD94A0068B15C /* SRLoggingAdjustmentViewController.h */,
				25C54FA91A9FD94A0068B15C /* SRLoggingAdjustmentViewController.m */,
				25C54F731A9E42570068B15C /* SRDeviceOverviewTableViewController.h */,
				25C54F741A9E42570068B15C /* SRDeviceOverviewTableViewController.m */,
				25C54FAE1A9FE1CF0068B15C /* UIColor+TubulrColors.h */,
				25C54FAF1A9FE1CF0068B15C /* UIColor+TubulrColors.m */,
				25C54F271A9E402D0068B15C /* Images.xcassets */,
				25C54F291A9E402D0068B15C /* LaunchScreen.xib */,
				25C54F1A1A9E402D0068B15C /* Supporting Files */,
			);
			path = SRDeviceLogs;
			sourceTree = "<group>";
		};
		25C54F1A1A9E402D0068B15C /* Supporting Files */ = {
			isa = PBXGroup;
			children = (
				25C54F1B1A9E402D0068B15C /* Info.plist */,
				25C54F1C1A9E402D0068B15C /* main.m */,
			);
			name = "Supporting Files";
			sourceTree = "<group>";
		};
		25C54F331A9E402D0068B15C /* SRDeviceLogsTests */ = {
			isa = PBXGroup;
			children = (
				25C54F361A9E402D0068B15C /* SRDeviceLogsTests.m */,
				25C54F341A9E402D0068B15C /* Supporting Files */,
			);
			path = SRDeviceLogsTests;
			sourceTree = "<group>";
		};
		25C54F341A9E402D0068B15C /* Supporting Files */ = {
			isa = PBXGroup;
			children = (
				25C54F351A9E402D0068B15C /* Info.plist */,
			);
			name = "Supporting Files";
			sourceTree = "<group>";
		};
		25C54F401A9E41F60068B15C /* System Services */ = {
			isa = PBXGroup;
			children = (
				25C54F411A9E41F60068B15C /* SystemServices.h */,
				25C54F421A9E41F60068B15C /* SystemServices.m */,
				25C54F431A9E41F60068B15C /* Utilities */,
			);
			path = "System Services";
			sourceTree = "<group>";
		};
		25C54F431A9E41F60068B15C /* Utilities */ = {
			isa = PBXGroup;
			children = (
				25C54F441A9E41F60068B15C /* NSObject+PerformBlockAfterDelay.h */,
				25C54F451A9E41F60068B15C /* NSObject+PerformBlockAfterDelay.m */,
				25C54F461A9E41F60068B15C /* SSAccelerometerInfo.h */,
				25C54F471A9E41F60068B15C /* SSAccelerometerInfo.m */,
				25C54F481A9E41F60068B15C /* SSAccessoryInfo.h */,
				25C54F491A9E41F60068B15C /* SSAccessoryInfo.m */,
				25C54F4A1A9E41F60068B15C /* SSApplicationInfo.h */,
				25C54F4B1A9E41F60068B15C /* SSApplicationInfo.m */,
				25C54F4C1A9E41F60068B15C /* SSBatteryInfo.h */,
				25C54F4D1A9E41F60068B15C /* SSBatteryInfo.m */,
				25C54F4E1A9E41F60068B15C /* SSCarrierInfo.h */,
				25C54F4F1A9E41F60068B15C /* SSCarrierInfo.m */,
				25C54F501A9E41F60068B15C /* SSDiskInfo.h */,
				25C54F511A9E41F60068B15C /* SSDiskInfo.m */,
				25C54F521A9E41F60068B15C /* SSHardwareInfo.h */,
				25C54F531A9E41F60068B15C /* SSHardwareInfo.m */,
				25C54F541A9E41F60068B15C /* SSJailbreakCheck.h */,
				25C54F551A9E41F60068B15C /* SSJailbreakCheck.m */,
				25C54F561A9E41F60068B15C /* SSLocalizationInfo.h */,
				25C54F571A9E41F60068B15C /* SSLocalizationInfo.m */,
				25C54F581A9E41F60068B15C /* SSMemoryInfo.h */,
				25C54F591A9E41F60068B15C /* SSMemoryInfo.m */,
				25C54F5A1A9E41F60068B15C /* SSNetworkInfo.h */,
				25C54F5B1A9E41F60068B15C /* SSNetworkInfo.m */,
				25C54F5C1A9E41F60068B15C /* SSProcessInfo.h */,
				25C54F5D1A9E41F60068B15C /* SSProcessInfo.m */,
				25C54F5E1A9E41F60068B15C /* SSProcessorInfo.h */,
				25C54F5F1A9E41F60068B15C /* SSProcessorInfo.m */,
				25C54F601A9E41F60068B15C /* SSUUID.h */,
				25C54F611A9E41F60068B15C /* SSUUID.m */,
				25C54F621A9E41F60068B15C /* SystemServicesConstants.h */,
			);
			path = Utilities;
			sourceTree = "<group>";
		};
		41371B9C373D0DC9F1DF6932 /* Pods */ = {
			isa = PBXGroup;
			children = (
				CEE83897C11DFCB167A19798 /* Pods-SRDeviceLogs.debug.xcconfig */,
				04F19184F36FDBD0849199F7 /* Pods-SRDeviceLogs.release.xcconfig */,
			);
			name = Pods;
			sourceTree = "<group>";
		};
		77A25589C955616F6ADC4B97 /* Frameworks */ = {
			isa = PBXGroup;
			children = (
				1B92C15F2342013BDB90AD9C /* libPods-SRDeviceLogs.a */,
			);
			name = Frameworks;
			sourceTree = "<group>";
		};
/* End PBXGroup section */

/* Begin PBXNativeTarget section */
		25C54F161A9E402D0068B15C /* SRDeviceLogs */ = {
			isa = PBXNativeTarget;
			buildConfigurationList = 25C54F3A1A9E402D0068B15C /* Build configuration list for PBXNativeTarget "SRDeviceLogs" */;
			buildPhases = (
				4C615935090386CF0C26D001 /* Check Pods Manifest.lock */,
				25C54F131A9E402D0068B15C /* Sources */,
				25C54F141A9E402D0068B15C /* Frameworks */,
				25C54F151A9E402D0068B15C /* Resources */,
				EC218B64C0423649DEEE26C9 /* Copy Pods Resources */,
			);
			buildRules = (
			);
			dependencies = (
			);
			name = SRDeviceLogs;
			productName = SRDeviceLogs;
			productReference = 25C54F171A9E402D0068B15C /* SRDeviceLogs.app */;
			productType = "com.apple.product-type.application";
		};
		25C54F2F1A9E402D0068B15C /* SRDeviceLogsTests */ = {
			isa = PBXNativeTarget;
			buildConfigurationList = 25C54F3D1A9E402D0068B15C /* Build configuration list for PBXNativeTarget "SRDeviceLogsTests" */;
			buildPhases = (
				25C54F2C1A9E402D0068B15C /* Sources */,
				25C54F2D1A9E402D0068B15C /* Frameworks */,
				25C54F2E1A9E402D0068B15C /* Resources */,
			);
			buildRules = (
			);
			dependencies = (
				25C54F321A9E402D0068B15C /* PBXTargetDependency */,
			);
			name = SRDeviceLogsTests;
			productName = SRDeviceLogsTests;
			productReference = 25C54F301A9E402D0068B15C /* SRDeviceLogsTests.xctest */;
			productType = "com.apple.product-type.bundle.unit-test";
		};
/* End PBXNativeTarget section */

/* Begin PBXProject section */
		25C54F0F1A9E402D0068B15C /* Project object */ = {
			isa = PBXProject;
			attributes = {
				LastUpgradeCheck = 0610;
				ORGANIZATIONNAME = "Tur, Louis";
				TargetAttributes = {
					25C54F161A9E402D0068B15C = {
						CreatedOnToolsVersion = 6.1.1;
					};
					25C54F2F1A9E402D0068B15C = {
						CreatedOnToolsVersion = 6.1.1;
						TestTargetID = 25C54F161A9E402D0068B15C;
					};
				};
			};
			buildConfigurationList = 25C54F121A9E402D0068B15C /* Build configuration list for PBXProject "SRDeviceLogs" */;
			compatibilityVersion = "Xcode 3.2";
			developmentRegion = English;
			hasScannedForEncodings = 0;
			knownRegions = (
				en,
				Base,
			);
			mainGroup = 25C54F0E1A9E402D0068B15C;
			productRefGroup = 25C54F181A9E402D0068B15C /* Products */;
			projectDirPath = "";
			projectRoot = "";
			targets = (
				25C54F161A9E402D0068B15C /* SRDeviceLogs */,
				25C54F2F1A9E402D0068B15C /* SRDeviceLogsTests */,
			);
		};
/* End PBXProject section */

/* Begin PBXResourcesBuildPhase section */
		25C54F151A9E402D0068B15C /* Resources */ = {
			isa = PBXResourcesBuildPhase;
			buildActionMask = 2147483647;
			files = (
				25C54F2B1A9E402D0068B15C /* LaunchScreen.xib in Resources */,
				25C54F281A9E402D0068B15C /* Images.xcassets in Resources */,
			);
			runOnlyForDeploymentPostprocessing = 0;
		};
		25C54F2E1A9E402D0068B15C /* Resources */ = {
			isa = PBXResourcesBuildPhase;
			buildActionMask = 2147483647;
			files = (
			);
			runOnlyForDeploymentPostprocessing = 0;
		};
/* End PBXResourcesBuildPhase section */

/* Begin PBXShellScriptBuildPhase section */
		4C615935090386CF0C26D001 /* Check Pods Manifest.lock */ = {
			isa = PBXShellScriptBuildPhase;
			buildActionMask = 2147483647;
			files = (
			);
			inputPaths = (
			);
			name = "Check Pods Manifest.lock";
			outputPaths = (
			);
			runOnlyForDeploymentPostprocessing = 0;
			shellPath = /bin/sh;
			shellScript = "diff \"${PODS_ROOT}/../Podfile.lock\" \"${PODS_ROOT}/Manifest.lock\" > /dev/null\nif [[ $? != 0 ]] ; then\n    cat << EOM\nerror: The sandbox is not in sync with the Podfile.lock. Run 'pod install' or update your CocoaPods installation.\nEOM\n    exit 1\nfi\n";
			showEnvVarsInLog = 0;
		};
		EC218B64C0423649DEEE26C9 /* Copy Pods Resources */ = {
			isa = PBXShellScriptBuildPhase;
			buildActionMask = 2147483647;
			files = (
			);
			inputPaths = (
			);
			name = "Copy Pods Resources";
			outputPaths = (
			);
			runOnlyForDeploymentPostprocessing = 0;
			shellPath = /bin/sh;
			shellScript = "\"${SRCROOT}/Pods/Target Support Files/Pods-SRDeviceLogs/Pods-SRDeviceLogs-resources.sh\"\n";
			showEnvVarsInLog = 0;
		};
/* End PBXShellScriptBuildPhase section */

/* Begin PBXSourcesBuildPhase section */
		25C54F131A9E402D0068B15C /* Sources */ = {
			isa = PBXSourcesBuildPhase;
			buildActionMask = 2147483647;
			files = (
				25C54F6A1A9E41F60068B15C /* SSDiskInfo.m in Sources */,
				25C54F641A9E41F60068B15C /* NSObject+PerformBlockAfterDelay.m in Sources */,
				25C54F631A9E41F60068B15C /* SystemServices.m in Sources */,
				25C54F701A9E41F60068B15C /* SSProcessInfo.m in Sources */,
				25C54FAA1A9FD94A0068B15C /* SRLoggingAdjustmentViewController.m in Sources */,
				25C54F691A9E41F60068B15C /* SSCarrierInfo.m in Sources */,
				25C54FAD1A9FDC930068B15C /* SRLogConfigManager.m in Sources */,
				25C54F6D1A9E41F60068B15C /* SSLocalizationInfo.m in Sources */,
				25C54F6F1A9E41F60068B15C /* SSNetworkInfo.m in Sources */,
				25C54F6C1A9E41F60068B15C /* SSJailbreakCheck.m in Sources */,
				25C54F651A9E41F60068B15C /* SSAccelerometerInfo.m in Sources */,
				25C54F711A9E41F60068B15C /* SSProcessorInfo.m in Sources */,
				25C54F721A9E41F60068B15C /* SSUUID.m in Sources */,
				25C54F6E1A9E41F60068B15C /* SSMemoryInfo.m in Sources */,
				25C54F671A9E41F60068B15C /* SSApplicationInfo.m in Sources */,
				25C54F6B1A9E41F60068B15C /* SSHardwareInfo.m in Sources */,
				25C54F681A9E41F60068B15C /* SSBatteryInfo.m in Sources */,
				25C54FB01A9FE1CF0068B15C /* UIColor+TubulrColors.m in Sources */,
				25C54F751A9E42570068B15C /* SRDeviceOverviewTableViewController.m in Sources */,
				25C54F661A9E41F60068B15C /* SSAccessoryInfo.m in Sources */,
				25C54F201A9E402D0068B15C /* AppDelegate.m in Sources */,
				25C54F1D1A9E402D0068B15C /* main.m in Sources */,
			);
			runOnlyForDeploymentPostprocessing = 0;
		};
		25C54F2C1A9E402D0068B15C /* Sources */ = {
			isa = PBXSourcesBuildPhase;
			buildActionMask = 2147483647;
			files = (
				25C54F371A9E402D0068B15C /* SRDeviceLogsTests.m in Sources */,
			);
			runOnlyForDeploymentPostprocessing = 0;
		};
/* End PBXSourcesBuildPhase section */

/* Begin PBXTargetDependency section */
		25C54F321A9E402D0068B15C /* PBXTargetDependency */ = {
			isa = PBXTargetDependency;
			target = 25C54F161A9E402D0068B15C /* SRDeviceLogs */;
			targetProxy = 25C54F311A9E402D0068B15C /* PBXContainerItemProxy */;
		};
/* End PBXTargetDependency section */

/* Begin PBXVariantGroup section */
		25C54F291A9E402D0068B15C /* LaunchScreen.xib */ = {
			isa = PBXVariantGroup;
			children = (
				25C54F2A1A9E402D0068B15C /* Base */,
			);
			name = LaunchScreen.xib;
			sourceTree = "<group>";
		};
/* End PBXVariantGroup section */

/* Begin XCBuildConfiguration section */
		25C54F381A9E402D0068B15C /* Debug */ = {
			isa = XCBuildConfiguration;
			buildSettings = {
				ALWAYS_SEARCH_USER_PATHS = NO;
				CLANG_CXX_LANGUAGE_STANDARD = "gnu++0x";
				CLANG_CXX_LIBRARY = "libc++";
				CLANG_ENABLE_MODULES = YES;
				CLANG_ENABLE_OBJC_ARC = YES;
				CLANG_WARN_BOOL_CONVERSION = YES;
				CLANG_WARN_CONSTANT_CONVERSION = YES;
				CLANG_WARN_DIRECT_OBJC_ISA_USAGE = YES_ERROR;
				CLANG_WARN_EMPTY_BODY = YES;
				CLANG_WARN_ENUM_CONVERSION = YES;
				CLANG_WARN_INT_CONVERSION = YES;
				CLANG_WARN_OBJC_ROOT_CLASS = YES_ERROR;
				CLANG_WARN_UNREACHABLE_CODE = YES;
				CLANG_WARN__DUPLICATE_METHOD_MATCH = YES;
				"CODE_SIGN_IDENTITY[sdk=iphoneos*]" = "iPhone Developer";
				COPY_PHASE_STRIP = NO;
				ENABLE_STRICT_OBJC_MSGSEND = YES;
				GCC_C_LANGUAGE_STANDARD = gnu99;
				GCC_DYNAMIC_NO_PIC = NO;
				GCC_OPTIMIZATION_LEVEL = 0;
				GCC_PREPROCESSOR_DEFINITIONS = (
					"DEBUG=1",
					"$(inherited)",
				);
				GCC_SYMBOLS_PRIVATE_EXTERN = NO;
				GCC_WARN_64_TO_32_BIT_CONVERSION = YES;
				GCC_WARN_ABOUT_RETURN_TYPE = YES_ERROR;
				GCC_WARN_UNDECLARED_SELECTOR = YES;
				GCC_WARN_UNINITIALIZED_AUTOS = YES_AGGRESSIVE;
				GCC_WARN_UNUSED_FUNCTION = YES;
				GCC_WARN_UNUSED_VARIABLE = YES;
				IPHONEOS_DEPLOYMENT_TARGET = 8.1;
				MTL_ENABLE_DEBUG_INFO = YES;
				ONLY_ACTIVE_ARCH = YES;
				SDKROOT = iphoneos;
			};
			name = Debug;
		};
		25C54F391A9E402D0068B15C /* Release */ = {
			isa = XCBuildConfiguration;
			buildSettings = {
				ALWAYS_SEARCH_USER_PATHS = NO;
				CLANG_CXX_LANGUAGE_STANDARD = "gnu++0x";
				CLANG_CXX_LIBRARY = "libc++";
				CLANG_ENABLE_MODULES = YES;
				CLANG_ENABLE_OBJC_ARC = YES;
				CLANG_WARN_BOOL_CONVERSION = YES;
				CLANG_WARN_CONSTANT_CONVERSION = YES;
				CLANG_WARN_DIRECT_OBJC_ISA_USAGE = YES_ERROR;
				CLANG_WARN_EMPTY_BODY = YES;
				CLANG_WARN_ENUM_CONVERSION = YES;
				CLANG_WARN_INT_CONVERSION = YES;
				CLANG_WARN_OBJC_ROOT_CLASS = YES_ERROR;
				CLANG_WARN_UNREACHABLE_CODE = YES;
				CLANG_WARN__DUPLICATE_METHOD_MATCH = YES;
				"CODE_SIGN_IDENTITY[sdk=iphoneos*]" = "iPhone Developer";
				COPY_PHASE_STRIP = YES;
				ENABLE_NS_ASSERTIONS = NO;
				ENABLE_STRICT_OBJC_MSGSEND = YES;
				GCC_C_LANGUAGE_STANDARD = gnu99;
				GCC_WARN_64_TO_32_BIT_CONVERSION = YES;
				GCC_WARN_ABOUT_RETURN_TYPE = YES_ERROR;
				GCC_WARN_UNDECLARED_SELECTOR = YES;
				GCC_WARN_UNINITIALIZED_AUTOS = YES_AGGRESSIVE;
				GCC_WARN_UNUSED_FUNCTION = YES;
				GCC_WARN_UNUSED_VARIABLE = YES;
				IPHONEOS_DEPLOYMENT_TARGET = 8.1;
				MTL_ENABLE_DEBUG_INFO = NO;
				SDKROOT = iphoneos;
				VALIDATE_PRODUCT = YES;
			};
			name = Release;
		};
		25C54F3B1A9E402D0068B15C /* Debug */ = {
			isa = XCBuildConfiguration;
			baseConfigurationReference = CEE83897C11DFCB167A19798 /* Pods-SRDeviceLogs.debug.xcconfig */;
			buildSettings = {
				ASSETCATALOG_COMPILER_APPICON_NAME = AppIcon;
				INFOPLIST_FILE = SRDeviceLogs/Info.plist;
				LD_RUNPATH_SEARCH_PATHS = "$(inherited) @executable_path/Frameworks";
				PRODUCT_NAME = "$(TARGET_NAME)";
			};
			name = Debug;
		};
		25C54F3C1A9E402D0068B15C /* Release */ = {
			isa = XCBuildConfiguration;
			baseConfigurationReference = 04F19184F36FDBD0849199F7 /* Pods-SRDeviceLogs.release.xcconfig */;
			buildSettings = {
				ASSETCATALOG_COMPILER_APPICON_NAME = AppIcon;
				INFOPLIST_FILE = SRDeviceLogs/Info.plist;
				LD_RUNPATH_SEARCH_PATHS = "$(inherited) @executable_path/Frameworks";
				PRODUCT_NAME = "$(TARGET_NAME)";
			};
			name = Release;
		};
		25C54F3E1A9E402D0068B15C /* Debug */ = {
			isa = XCBuildConfiguration;
			buildSettings = {
				BUNDLE_LOADER = "$(TEST_HOST)";
				FRAMEWORK_SEARCH_PATHS = (
					"$(SDKROOT)/Developer/Library/Frameworks",
					"$(inherited)",
				);
				GCC_PREPROCESSOR_DEFINITIONS = (
					"DEBUG=1",
					"$(inherited)",
				);
				INFOPLIST_FILE = SRDeviceLogsTests/Info.plist;
				LD_RUNPATH_SEARCH_PATHS = "$(inherited) @executable_path/Frameworks @loader_path/Frameworks";
				PRODUCT_NAME = "$(TARGET_NAME)";
				TEST_HOST = "$(BUILT_PRODUCTS_DIR)/SRDeviceLogs.app/SRDeviceLogs";
			};
			name = Debug;
		};
		25C54F3F1A9E402D0068B15C /* Release */ = {
			isa = XCBuildConfiguration;
			buildSettings = {
				BUNDLE_LOADER = "$(TEST_HOST)";
				FRAMEWORK_SEARCH_PATHS = (
					"$(SDKROOT)/Developer/Library/Frameworks",
					"$(inherited)",
				);
				INFOPLIST_FILE = SRDeviceLogsTests/Info.plist;
				LD_RUNPATH_SEARCH_PATHS = "$(inherited) @executable_path/Frameworks @loader_path/Frameworks";
				PRODUCT_NAME = "$(TARGET_NAME)";
				TEST_HOST = "$(BUILT_PRODUCTS_DIR)/SRDeviceLogs.app/SRDeviceLogs";
			};
			name = Release;
		};
/* End XCBuildConfiguration section */

/* Begin XCConfigurationList section */
		25C54F121A9E402D0068B15C /* Build configuration list for PBXProject "SRDeviceLogs" */ = {
			isa = XCConfigurationList;
			buildConfigurations = (
				25C54F381A9E402D0068B15C /* Debug */,
				25C54F391A9E402D0068B15C /* Release */,
			);
			defaultConfigurationIsVisible = 0;
			defaultConfigurationName = Release;
		};
		25C54F3A1A9E402D0068B15C /* Build configuration list for PBXNativeTarget "SRDeviceLogs" */ = {
			isa = XCConfigurationList;
			buildConfigurations = (
				25C54F3B1A9E402D0068B15C /* Debug */,
				25C54F3C1A9E402D0068B15C /* Release */,
			);
			defaultConfigurationIsVisible = 0;
			defaultConfigurationName = Release;
		};
		25C54F3D1A9E402D0068B15C /* Build configuration list for PBXNativeTarget "SRDeviceLogsTests" */ = {
			isa = XCConfigurationList;
			buildConfigurations = (
				25C54F3E1A9E402D0068B15C /* Debug */,
				25C54F3F1A9E402D0068B15C /* Release */,
			);
			defaultConfigurationIsVisible = 0;
			defaultConfigurationName = Release;
		};
/* End XCConfigurationList section */
	};
	rootObject = 25C54F0F1A9E402D0068B15C /* Project object */;
}
